
Microsoft Visual Studio Solution File, Format Version 12.00
# Visual Studio Version 16
VisualStudioVersion = 16.0.30309.148
MinimumVisualStudioVersion = 10.0.40219.1
Project("{FAE04EC0-301F-11D3-BF4B-00C04F79EFBC}") = "YOTPSelfDemo", "YOTPSelfDemo\YOTPSelfDemo.csproj", "{F130809A-A8D2-4A2E-9B84-EE0648208486}"
EndProject
Global
	GlobalSection(SolutionConfigurationPlatforms) = preSolution
		Debug|Any CPU = Debug|Any CPU
		Release|Any CPU = Release|Any CPU
	EndGlobalSection
	GlobalSection(ProjectConfigurationPlatforms) = postSolution
		{F130809A-A8D2-4A2E-9B84-EE0648208486}.Debug|Any CPU.ActiveCfg = Debug|Any CPU
		{F130809A-A8D2-4A2E-9B84-EE0648208486}.Debug|Any CPU.Build.0 = Debug|Any CPU
		{F130809A-A8D2-4A2E-9B84-EE0648208486}.Release|Any CPU.ActiveCfg = Release|Any CPU
		{F130809A-A8D2-4A2E-9B84-EE0648208486}.Release|Any CPU.Build.0 = Release|Any CPU
	EndGlobalSection
	GlobalSection(SolutionProperties) = preSolution
		HideSolutionNode = FALSE
	EndGlobalSection
	GlobalSection(ExtensibilityGlobals) = postSolution
		SolutionGuid = {CB9F0ED5-0B37-43A9-9788-9D947345594D}
	EndGlobalSection
EndGlobal
